
Microsoft Visual Studio Solution File, Format Version 12.00
# Visual Studio Version 17
VisualStudioVersion = 17.5.33516.290
MinimumVisualStudioVersion = 10.0.40219.1
Project("{FAE04EC0-301F-11D3-BF4B-00C04F79EFBC}") = "ApiEstoque", "ApiEstoque\ApiEstoque.csproj", "{408248E4-A934-44B0-9273-82A0D68C4E4D}"
EndProject
Global
	GlobalSection(SolutionConfigurationPlatforms) = preSolution
		Debug|Any CPU = Debug|Any CPU
		Release|Any CPU = Release|Any CPU
	EndGlobalSection
	GlobalSection(ProjectConfigurationPlatforms) = postSolution
		{408248E4-A934-44B0-9273-82A0D68C4E4D}.Debug|Any CPU.ActiveCfg = Debug|Any CPU
		{408248E4-A934-44B0-9273-82A0D68C4E4D}.Debug|Any CPU.Build.0 = Debug|Any CPU
		{408248E4-A934-44B0-9273-82A0D68C4E4D}.Release|Any CPU.ActiveCfg = Release|Any CPU
		{408248E4-A934-44B0-9273-82A0D68C4E4D}.Release|Any CPU.Build.0 = Release|Any CPU
	EndGlobalSection
	GlobalSection(SolutionProperties) = preSolution
		HideSolutionNode = FALSE
	EndGlobalSection
	GlobalSection(ExtensibilityGlobals) = postSolution
		SolutionGuid = {CAD9BFF8-C61C-45C3-B351-CB1843A7B31C}
	EndGlobalSection
EndGlobal
